PODS:
  - SDWebImage (5.8.0):
    - SDWebImage/Core (= 5.8.0)
  - SDWebImage/Core (5.8.0)
  - SwiftLint (0.39.2)

DEPENDENCIES:
  - SDWebImage (~> 5.0)
  - SwiftLint (= 0.39.2)

SPEC REPOS:
  trunk:
    - SDWebImage
    - SwiftLint

SPEC CHECKSUMS:
  SDWebImage: 84000f962cbfa70c07f19d2234cbfcf5d779b5dc
  SwiftLint: 22ccbbe3b8008684be5955693bab135e0ed6a447

PODFILE CHECKSUM: dd6420e2793f53975918100e5cfc2db53b3f7d3d

COCOAPODS: 1.9.1
